
Microsoft Visual Studio Solution File, Format Version 12.00
# Visual Studio Version 16
VisualStudioVersion = 16.0.29709.97
MinimumVisualStudioVersion = 10.0.40219.1
Project("{FAE04EC0-301F-11D3-BF4B-00C04F79EFBC}") = "Giraffe", "Giraffe\Giraffe.csproj", "{46FED020-B4F5-4FCF-B901-BB370DDC8AED}"
EndProject
Global
	GlobalSection(SolutionConfigurationPlatforms) = preSolution
		Debug|Any CPU = Debug|Any CPU
		Release|Any CPU = Release|Any CPU
	EndGlobalSection
	GlobalSection(ProjectConfigurationPlatforms) = postSolution
		{46FED020-B4F5-4FCF-B901-BB370DDC8AED}.Debug|Any CPU.ActiveCfg = Debug|Any CPU
		{46FED020-B4F5-4FCF-B901-BB370DDC8AED}.Debug|Any CPU.Build.0 = Debug|Any CPU
		{46FED020-B4F5-4FCF-B901-BB370DDC8AED}.Release|Any CPU.ActiveCfg = Release|Any CPU
		{46FED020-B4F5-4FCF-B901-BB370DDC8AED}.Release|Any CPU.Build.0 = Release|Any CPU
	EndGlobalSection
	GlobalSection(SolutionProperties) = preSolution
		HideSolutionNode = FALSE
	EndGlobalSection
	GlobalSection(ExtensibilityGlobals) = postSolution
		SolutionGuid = {C911E89A-9794-4BD7-9991-C1A1BAD3F2A3}
	EndGlobalSection
EndGlobal
